<<<<<<< HEAD
# -------------------------------------------------------------------------- #
#
# Copyright (C) 1991-2016 Altera Corporation. All rights reserved.
# Your use of Altera Corporation's design tools, logic functions 
# and other software and tools, and its AMPP partner logic 
# functions, and any output files from any of the foregoing 
# (including device programming or simulation files), and any 
# associated documentation or information are expressly subject 
# to the terms and conditions of the Altera Program License 
# Subscription Agreement, the Altera Quartus Prime License Agreement,
# the Altera MegaCore Function License Agreement, or other 
# applicable license agreement, including, without limitation, 
# that your use is for the sole purpose of programming logic 
# devices manufactured by Altera and sold by Altera or its 
# authorized distributors.  Please refer to the applicable 
# agreement for further details.
#
# -------------------------------------------------------------------------- #
#
# Quartus Prime
# Version 15.1.2 Build 193 02/01/2016 SJ Standard Edition
# Date created = 14:20:45  April 27, 2017
#
# -------------------------------------------------------------------------- #
#
# Notes:
#
# 1) The default values for assignments are stored in the file:
#		EECS301_Lab7_Analyzer_TopLevel_assignment_defaults.qdf
#    If this file doesn't exist, see file:
#		assignment_defaults.qdf
#
# 2) Altera recommends that you do not modify this file. This
#    file is updated automatically by the Quartus Prime software
#    and any changes you make may be lost or overwritten.
#
# -------------------------------------------------------------------------- #


set_global_assignment -name FAMILY "Cyclone V"
set_global_assignment -name DEVICE 5CSEMA5F31C6
set_global_assignment -name TOP_LEVEL_ENTITY EECS301_Lab7_Analyzer_TopLevel
set_global_assignment -name ORIGINAL_QUARTUS_VERSION 15.1.2
set_global_assignment -name PROJECT_CREATION_TIME_DATE "14:20:45  APRIL 27, 2017"
set_global_assignment -name LAST_QUARTUS_VERSION 15.1.2
set_global_assignment -name PROJECT_OUTPUT_DIRECTORY output_files
set_global_assignment -name MIN_CORE_JUNCTION_TEMP 0
set_global_assignment -name MAX_CORE_JUNCTION_TEMP 85
set_global_assignment -name DEVICE_FILTER_PACKAGE FBGA
set_global_assignment -name DEVICE_FILTER_PIN_COUNT 896
set_global_assignment -name DEVICE_FILTER_SPEED_GRADE 6
set_global_assignment -name ERROR_CHECK_FREQUENCY_DIVISOR 256
set_global_assignment -name EDA_SIMULATION_TOOL "ModelSim-Altera (Verilog)"
set_global_assignment -name EDA_OUTPUT_DATA_FORMAT "VERILOG HDL" -section_id eda_simulation
set_global_assignment -name PARTITION_NETLIST_TYPE SOURCE -section_id Top
set_global_assignment -name PARTITION_FITTER_PRESERVATION_LEVEL PLACEMENT_AND_ROUTING -section_id Top
set_global_assignment -name PARTITION_COLOR 16764057 -section_id Top
set_global_assignment -name POWER_PRESET_COOLING_SOLUTION "23 MM HEAT SINK WITH 200 LFPM AIRFLOW"
set_global_assignment -name POWER_BOARD_THERMAL_MODEL "NONE (CONSERVATIVE)"
set_global_assignment -name STRATIX_DEVICE_IO_STANDARD "2.5 V"
set_location_assignment PIN_K7 -to AUD_ADCDAT
set_instance_assignment -name IO_STANDARD "3.3-V LVTTL" -to AUD_ADCDAT
set_instance_assignment -name CURRENT_STRENGTH_NEW 8MA -to AUD_ADCDAT
set_location_assignment PIN_K8 -to AUD_ADCLRCK
set_instance_assignment -name IO_STANDARD "3.3-V LVTTL" -to AUD_ADCLRCK
set_instance_assignment -name CURRENT_STRENGTH_NEW 8MA -to AUD_ADCLRCK
set_location_assignment PIN_H7 -to AUD_BCLK
set_instance_assignment -name IO_STANDARD "3.3-V LVTTL" -to AUD_BCLK
set_instance_assignment -name CURRENT_STRENGTH_NEW 8MA -to AUD_BCLK
set_location_assignment PIN_J7 -to AUD_DACDAT
set_instance_assignment -name IO_STANDARD "3.3-V LVTTL" -to AUD_DACDAT
set_instance_assignment -name CURRENT_STRENGTH_NEW 8MA -to AUD_DACDAT
set_location_assignment PIN_H8 -to AUD_DACLRCK
set_instance_assignment -name IO_STANDARD "3.3-V LVTTL" -to AUD_DACLRCK
set_instance_assignment -name CURRENT_STRENGTH_NEW 8MA -to AUD_DACLRCK
set_location_assignment PIN_G7 -to AUD_XCK
set_instance_assignment -name IO_STANDARD "3.3-V LVTTL" -to AUD_XCK
set_instance_assignment -name CURRENT_STRENGTH_NEW 8MA -to AUD_XCK
set_location_assignment PIN_AF14 -to CLOCK_50
set_instance_assignment -name IO_STANDARD "3.3-V LVTTL" -to CLOCK_50
set_instance_assignment -name CURRENT_STRENGTH_NEW 8MA -to CLOCK_50
set_location_assignment PIN_J12 -to FPGA_I2C_SCLK
set_instance_assignment -name IO_STANDARD "3.3-V LVTTL" -to FPGA_I2C_SCLK
set_instance_assignment -name CURRENT_STRENGTH_NEW 8MA -to FPGA_I2C_SCLK
set_location_assignment PIN_K12 -to FPGA_I2C_SDAT
set_instance_assignment -name IO_STANDARD "3.3-V LVTTL" -to FPGA_I2C_SDAT
set_instance_assignment -name CURRENT_STRENGTH_NEW 8MA -to FPGA_I2C_SDAT
set_location_assignment PIN_AA14 -to KEY[0]
set_instance_assignment -name IO_STANDARD "3.3-V LVTTL" -to KEY[0]
set_instance_assignment -name CURRENT_STRENGTH_NEW 8MA -to KEY[0]
set_location_assignment PIN_AJ25 -to LCD_B0
set_instance_assignment -name IO_STANDARD "3.3-V LVTTL" -to LCD_B0
set_instance_assignment -name CURRENT_STRENGTH_NEW 8MA -to LCD_B0
set_location_assignment PIN_AJ24 -to LCD_B1
set_instance_assignment -name IO_STANDARD "3.3-V LVTTL" -to LCD_B1
set_instance_assignment -name CURRENT_STRENGTH_NEW 8MA -to LCD_B1
set_location_assignment PIN_AK24 -to LCD_B2
set_instance_assignment -name IO_STANDARD "3.3-V LVTTL" -to LCD_B2
set_instance_assignment -name CURRENT_STRENGTH_NEW 8MA -to LCD_B2
set_location_assignment PIN_AG23 -to LCD_B3
set_instance_assignment -name IO_STANDARD "3.3-V LVTTL" -to LCD_B3
set_instance_assignment -name CURRENT_STRENGTH_NEW 8MA -to LCD_B3
set_location_assignment PIN_AK23 -to LCD_B4
set_instance_assignment -name IO_STANDARD "3.3-V LVTTL" -to LCD_B4
set_instance_assignment -name CURRENT_STRENGTH_NEW 8MA -to LCD_B4
set_location_assignment PIN_AH23 -to LCD_B5
set_instance_assignment -name IO_STANDARD "3.3-V LVTTL" -to LCD_B5
set_instance_assignment -name CURRENT_STRENGTH_NEW 8MA -to LCD_B5
set_location_assignment PIN_AK22 -to LCD_B6
set_instance_assignment -name IO_STANDARD "3.3-V LVTTL" -to LCD_B6
set_instance_assignment -name CURRENT_STRENGTH_NEW 8MA -to LCD_B6
set_location_assignment PIN_AJ22 -to LCD_B7
set_instance_assignment -name IO_STANDARD "3.3-V LVTTL" -to LCD_B7
set_instance_assignment -name CURRENT_STRENGTH_NEW 8MA -to LCD_B7
set_location_assignment PIN_AH22 -to LCD_CK
set_instance_assignment -name IO_STANDARD "3.3-V LVTTL" -to LCD_CK
set_instance_assignment -name CURRENT_STRENGTH_NEW 8MA -to LCD_CK
set_location_assignment PIN_AG22 -to LCD_DISP
set_instance_assignment -name IO_STANDARD "3.3-V LVTTL" -to LCD_DISP
set_instance_assignment -name CURRENT_STRENGTH_NEW 8MA -to LCD_DISP
set_location_assignment PIN_AG26 -to LCD_G0
set_instance_assignment -name IO_STANDARD "3.3-V LVTTL" -to LCD_G0
set_instance_assignment -name CURRENT_STRENGTH_NEW 8MA -to LCD_G0
set_location_assignment PIN_AH24 -to LCD_G1
set_instance_assignment -name IO_STANDARD "3.3-V LVTTL" -to LCD_G1
set_instance_assignment -name CURRENT_STRENGTH_NEW 8MA -to LCD_G1
set_location_assignment PIN_AH27 -to LCD_G2
set_instance_assignment -name IO_STANDARD "3.3-V LVTTL" -to LCD_G2
set_instance_assignment -name CURRENT_STRENGTH_NEW 8MA -to LCD_G2
set_location_assignment PIN_AJ27 -to LCD_G3
set_instance_assignment -name IO_STANDARD "3.3-V LVTTL" -to LCD_G3
set_instance_assignment -name CURRENT_STRENGTH_NEW 8MA -to LCD_G3
set_location_assignment PIN_AK29 -to LCD_G4
set_instance_assignment -name IO_STANDARD "3.3-V LVTTL" -to LCD_G4
set_instance_assignment -name CURRENT_STRENGTH_NEW 8MA -to LCD_G4
set_location_assignment PIN_AK28 -to LCD_G5
set_instance_assignment -name IO_STANDARD "3.3-V LVTTL" -to LCD_G5
set_instance_assignment -name CURRENT_STRENGTH_NEW 8MA -to LCD_G5
set_location_assignment PIN_AJ26 -to LCD_G6
set_instance_assignment -name IO_STANDARD "3.3-V LVTTL" -to LCD_G6
set_instance_assignment -name CURRENT_STRENGTH_NEW 8MA -to LCD_G6
set_location_assignment PIN_AH25 -to LCD_G7
set_instance_assignment -name IO_STANDARD "3.3-V LVTTL" -to LCD_G7
set_instance_assignment -name CURRENT_STRENGTH_NEW 8MA -to LCD_G7
set_location_assignment PIN_AF24 -to LCD_HSYNC
set_instance_assignment -name IO_STANDARD "3.3-V LVTTL" -to LCD_HSYNC
set_instance_assignment -name CURRENT_STRENGTH_NEW 8MA -to LCD_HSYNC
set_location_assignment PIN_AA21 -to LCD_R0
set_instance_assignment -name IO_STANDARD "3.3-V LVTTL" -to LCD_R0
set_instance_assignment -name CURRENT_STRENGTH_NEW 8MA -to LCD_R0
set_location_assignment PIN_AC23 -to LCD_R1
set_instance_assignment -name IO_STANDARD "3.3-V LVTTL" -to LCD_R1
set_instance_assignment -name CURRENT_STRENGTH_NEW 8MA -to LCD_R1
set_location_assignment PIN_AD24 -to LCD_R2
set_instance_assignment -name IO_STANDARD "3.3-V LVTTL" -to LCD_R2
set_instance_assignment -name CURRENT_STRENGTH_NEW 8MA -to LCD_R2
set_location_assignment PIN_AE23 -to LCD_R3
set_instance_assignment -name IO_STANDARD "3.3-V LVTTL" -to LCD_R3
set_instance_assignment -name CURRENT_STRENGTH_NEW 8MA -to LCD_R3
set_location_assignment PIN_AE24 -to LCD_R4
set_instance_assignment -name IO_STANDARD "3.3-V LVTTL" -to LCD_R4
set_instance_assignment -name CURRENT_STRENGTH_NEW 8MA -to LCD_R4
set_location_assignment PIN_AF25 -to LCD_R5
set_instance_assignment -name IO_STANDARD "3.3-V LVTTL" -to LCD_R5
set_instance_assignment -name CURRENT_STRENGTH_NEW 8MA -to LCD_R5
set_location_assignment PIN_AF26 -to LCD_R6
set_instance_assignment -name IO_STANDARD "3.3-V LVTTL" -to LCD_R6
set_instance_assignment -name CURRENT_STRENGTH_NEW 8MA -to LCD_R6
set_location_assignment PIN_AG25 -to LCD_R7
set_instance_assignment -name IO_STANDARD "3.3-V LVTTL" -to LCD_R7
set_instance_assignment -name CURRENT_STRENGTH_NEW 8MA -to LCD_R7
set_location_assignment PIN_AF23 -to LCD_VSYNC
set_instance_assignment -name IO_STANDARD "3.3-V LVTTL" -to LCD_VSYNC
set_instance_assignment -name CURRENT_STRENGTH_NEW 8MA -to LCD_VSYNC
set_location_assignment PIN_Y21 -to LEDR[9]
set_instance_assignment -name IO_STANDARD "3.3-V LVTTL" -to LEDR[9]
set_instance_assignment -name CURRENT_STRENGTH_NEW 16MA -to LEDR[9]
set_location_assignment PIN_W21 -to LEDR[8]
set_instance_assignment -name IO_STANDARD "3.3-V LVTTL" -to LEDR[8]
set_instance_assignment -name CURRENT_STRENGTH_NEW 16MA -to LEDR[8]
set_location_assignment PIN_W20 -to LEDR[7]
set_instance_assignment -name IO_STANDARD "3.3-V LVTTL" -to LEDR[7]
set_instance_assignment -name CURRENT_STRENGTH_NEW 16MA -to LEDR[7]
set_location_assignment PIN_Y19 -to LEDR[6]
set_instance_assignment -name IO_STANDARD "3.3-V LVTTL" -to LEDR[6]
set_instance_assignment -name CURRENT_STRENGTH_NEW 16MA -to LEDR[6]
set_location_assignment PIN_W19 -to LEDR[5]
set_instance_assignment -name IO_STANDARD "3.3-V LVTTL" -to LEDR[5]
set_instance_assignment -name CURRENT_STRENGTH_NEW 16MA -to LEDR[5]
set_location_assignment PIN_W17 -to LEDR[4]
set_instance_assignment -name IO_STANDARD "3.3-V LVTTL" -to LEDR[4]
set_instance_assignment -name CURRENT_STRENGTH_NEW 16MA -to LEDR[4]
set_location_assignment PIN_V18 -to LEDR[3]
set_instance_assignment -name IO_STANDARD "3.3-V LVTTL" -to LEDR[3]
set_instance_assignment -name CURRENT_STRENGTH_NEW 16MA -to LEDR[3]
set_location_assignment PIN_V17 -to LEDR[2]
set_instance_assignment -name IO_STANDARD "3.3-V LVTTL" -to LEDR[2]
set_instance_assignment -name CURRENT_STRENGTH_NEW 16MA -to LEDR[2]
set_location_assignment PIN_W16 -to LEDR[1]
set_instance_assignment -name IO_STANDARD "3.3-V LVTTL" -to LEDR[1]
set_instance_assignment -name CURRENT_STRENGTH_NEW 16MA -to LEDR[1]
set_location_assignment PIN_V16 -to LEDR[0]
set_instance_assignment -name IO_STANDARD "3.3-V LVTTL" -to LEDR[0]
set_instance_assignment -name CURRENT_STRENGTH_NEW 16MA -to LEDR[0]
set_location_assignment PIN_AE12 -to SW[9]
set_instance_assignment -name IO_STANDARD "3.3-V LVTTL" -to SW[9]
set_instance_assignment -name CURRENT_STRENGTH_NEW 8MA -to SW[9]
set_location_assignment PIN_AD10 -to SW[8]
set_instance_assignment -name IO_STANDARD "3.3-V LVTTL" -to SW[8]
set_instance_assignment -name CURRENT_STRENGTH_NEW 8MA -to SW[8]
set_location_assignment PIN_AC9 -to SW[7]
set_instance_assignment -name IO_STANDARD "3.3-V LVTTL" -to SW[7]
set_instance_assignment -name CURRENT_STRENGTH_NEW 8MA -to SW[7]
set_location_assignment PIN_AE11 -to SW[6]
set_instance_assignment -name IO_STANDARD "3.3-V LVTTL" -to SW[6]
set_instance_assignment -name CURRENT_STRENGTH_NEW 8MA -to SW[6]
set_location_assignment PIN_AD12 -to SW[5]
set_instance_assignment -name IO_STANDARD "3.3-V LVTTL" -to SW[5]
set_instance_assignment -name CURRENT_STRENGTH_NEW 8MA -to SW[5]
set_location_assignment PIN_AD11 -to SW[4]
set_instance_assignment -name IO_STANDARD "3.3-V LVTTL" -to SW[4]
set_instance_assignment -name CURRENT_STRENGTH_NEW 8MA -to SW[4]
set_location_assignment PIN_AF10 -to SW[3]
set_instance_assignment -name IO_STANDARD "3.3-V LVTTL" -to SW[3]
set_instance_assignment -name CURRENT_STRENGTH_NEW 8MA -to SW[3]
set_location_assignment PIN_AF9 -to SW[2]
set_instance_assignment -name IO_STANDARD "3.3-V LVTTL" -to SW[2]
set_instance_assignment -name CURRENT_STRENGTH_NEW 8MA -to SW[2]
set_location_assignment PIN_AC12 -to SW[1]
set_instance_assignment -name IO_STANDARD "3.3-V LVTTL" -to SW[1]
set_instance_assignment -name CURRENT_STRENGTH_NEW 8MA -to SW[1]
set_location_assignment PIN_AB12 -to SW[0]
set_instance_assignment -name IO_STANDARD "3.3-V LVTTL" -to SW[0]
set_instance_assignment -name CURRENT_STRENGTH_NEW 8MA -to SW[0]
set_instance_assignment -name PARTITION_HIERARCHY root_partition -to | -section_id Top
set_global_assignment -name SOURCE_FILE ../../../../../../Downloads/README.md
set_global_assignment -name VERILOG_FILE LCD_RGB_Display_Interface.v
set_global_assignment -name VERILOG_FILE WM8731_Config_Module.v
set_global_assignment -name VERILOG_FILE WM8731_Audio_Codec_Transceiver.v
set_global_assignment -name VERILOG_FILE WM8731_Audio_Codec_Module.v
set_global_assignment -name VERILOG_FILE WM8731_Audio_Codec_Configurator.v
set_global_assignment -name VERILOG_FILE TF_EECS301_Lab7_Analyzer_TopLevel.v
set_global_assignment -name VERILOG_FILE System_Clock_Reset_Manager.v
set_global_assignment -name VERILOG_FILE Switch_Bank_Synchronizer.v
set_global_assignment -name VERILOG_INCLUDE_FILE StdFunctions.vh
set_global_assignment -name VERILOG_FILE Reset_Module.v
set_global_assignment -name VERILOG_FILE LCD_Display_Sample_Buffer.v
set_global_assignment -name VERILOG_FILE Key_Synchronizer_Module.v
set_global_assignment -name VERILOG_FILE I2C_Data_Transceiver.v
set_global_assignment -name SOURCE_FILE EECS301_Lab7_Project_Pins.csv
set_global_assignment -name VERILOG_FILE EECS301_Lab7_Analyzer_TopLevel.v
set_global_assignment -name SDC_FILE EECS301_Lab7_Analyzer_TopLevel.sdc
set_global_assignment -name VERILOG_FILE DROM_Nx64.v
set_global_assignment -name VERILOG_FILE DROM_Nx32.v
set_global_assignment -name VERILOG_FILE Debounce_Synchronizer.v
set_global_assignment -name VERILOG_FILE Audio_Stream_Spectrum_Analyzer.v
set_global_assignment -name VERILOG_FILE Audio_Stream_Digitizer_Sample_Buffer.v
set_global_assignment -name VERILOG_FILE Audio_Stream_Digitizer_Module.v
set_global_assignment -name VERILOG_FILE Audio_Stream_Digitizer_FFT_Framer.v
set_global_assignment -name SOURCE_FILE Audio_Stream_Digitizer_FFT.sopcinfo
set_global_assignment -name QSYS_FILE Audio_Stream_Digitizer_FFT.qsys
set_global_assignment -name VERILOG_FILE Audio_Stream_Digitizer_Display_Scaler.v
set_global_assignment -name QIP_FILE AudioCodec_Clock_Generator.qip
set_global_assignment -name SIP_FILE AudioCodec_Clock_Generator.sip
set_global_assignment -name QIP_FILE LCD_Clock_Generator.qip
set_global_assignment -name SIP_FILE LCD_Clock_Generator.sip
set_global_assignment -name CDF_FILE output_files/Chain2.cdf
set_global_assignment -name CDF_FILE output_files/Chain3.cdf
=======
# -------------------------------------------------------------------------- #
#
# Copyright (C) 1991-2016 Altera Corporation. All rights reserved.
# Your use of Altera Corporation's design tools, logic functions 
# and other software and tools, and its AMPP partner logic 
# functions, and any output files from any of the foregoing 
# (including device programming or simulation files), and any 
# associated documentation or information are expressly subject 
# to the terms and conditions of the Altera Program License 
# Subscription Agreement, the Altera Quartus Prime License Agreement,
# the Altera MegaCore Function License Agreement, or other 
# applicable license agreement, including, without limitation, 
# that your use is for the sole purpose of programming logic 
# devices manufactured by Altera and sold by Altera or its 
# authorized distributors.  Please refer to the applicable 
# agreement for further details.
#
# -------------------------------------------------------------------------- #
#
# Quartus Prime
# Version 15.1.2 Build 193 02/01/2016 SJ Standard Edition
# Date created = 14:20:45  April 27, 2017
#
# -------------------------------------------------------------------------- #
#
# Notes:
#
# 1) The default values for assignments are stored in the file:
#		EECS301_Lab7_Analyzer_TopLevel_assignment_defaults.qdf
#    If this file doesn't exist, see file:
#		assignment_defaults.qdf
#
# 2) Altera recommends that you do not modify this file. This
#    file is updated automatically by the Quartus Prime software
#    and any changes you make may be lost or overwritten.
#
# -------------------------------------------------------------------------- #


set_global_assignment -name FAMILY "Cyclone V"
set_global_assignment -name DEVICE 5CSEMA5F31C6
set_global_assignment -name TOP_LEVEL_ENTITY EECS301_Lab7_Analyzer_TopLevel
set_global_assignment -name ORIGINAL_QUARTUS_VERSION 15.1.2
set_global_assignment -name PROJECT_CREATION_TIME_DATE "14:20:45  APRIL 27, 2017"
set_global_assignment -name LAST_QUARTUS_VERSION 15.1.2
set_global_assignment -name PROJECT_OUTPUT_DIRECTORY output_files
set_global_assignment -name MIN_CORE_JUNCTION_TEMP 0
set_global_assignment -name MAX_CORE_JUNCTION_TEMP 85
set_global_assignment -name DEVICE_FILTER_PACKAGE FBGA
set_global_assignment -name DEVICE_FILTER_PIN_COUNT 896
set_global_assignment -name DEVICE_FILTER_SPEED_GRADE 6
set_global_assignment -name ERROR_CHECK_FREQUENCY_DIVISOR 256
set_global_assignment -name EDA_SIMULATION_TOOL "ModelSim-Altera (Verilog)"
set_global_assignment -name EDA_OUTPUT_DATA_FORMAT "VERILOG HDL" -section_id eda_simulation
set_global_assignment -name PARTITION_NETLIST_TYPE SOURCE -section_id Top
set_global_assignment -name PARTITION_FITTER_PRESERVATION_LEVEL PLACEMENT_AND_ROUTING -section_id Top
set_global_assignment -name PARTITION_COLOR 16764057 -section_id Top
set_global_assignment -name POWER_PRESET_COOLING_SOLUTION "23 MM HEAT SINK WITH 200 LFPM AIRFLOW"
set_global_assignment -name POWER_BOARD_THERMAL_MODEL "NONE (CONSERVATIVE)"
set_global_assignment -name VERILOG_FILE LCD_RGB_Display_Interface.v
set_global_assignment -name VERILOG_FILE WM8731_Config_Module.v
set_global_assignment -name VERILOG_FILE WM8731_Audio_Codec_Transceiver.v
set_global_assignment -name VERILOG_FILE WM8731_Audio_Codec_Module.v
set_global_assignment -name VERILOG_FILE WM8731_Audio_Codec_Configurator.v
set_global_assignment -name VERILOG_FILE TF_EECS301_Lab7_Analyzer_TopLevel.v
set_global_assignment -name VERILOG_FILE System_Clock_Reset_Manager.v
set_global_assignment -name VERILOG_FILE Switch_Bank_Synchronizer.v
set_global_assignment -name VERILOG_INCLUDE_FILE StdFunctions.vh
set_global_assignment -name VERILOG_FILE Reset_Module.v
set_global_assignment -name VERILOG_FILE LCD_Display_Sample_Buffer.v
set_global_assignment -name VERILOG_FILE Key_Synchronizer_Module.v
set_global_assignment -name VERILOG_FILE I2C_Data_Transceiver.v
set_global_assignment -name SOURCE_FILE EECS301_Lab7_Project_Pins.csv
set_global_assignment -name VERILOG_FILE EECS301_Lab7_Analyzer_TopLevel.v
set_global_assignment -name SDC_FILE EECS301_Lab7_Analyzer_TopLevel.sdc
set_global_assignment -name VERILOG_FILE DROM_Nx64.v
set_global_assignment -name VERILOG_FILE DROM_Nx32.v
set_global_assignment -name VERILOG_FILE Debounce_Synchronizer.v
set_global_assignment -name VERILOG_FILE Audio_Stream_Spectrum_Analyzer.v
set_global_assignment -name VERILOG_FILE Audio_Stream_Digitizer_Sample_Buffer.v
set_global_assignment -name VERILOG_FILE Audio_Stream_Digitizer_Module.v
set_global_assignment -name VERILOG_FILE Audio_Stream_Digitizer_FFT_Framer.v
set_global_assignment -name SOURCE_FILE Audio_Stream_Digitizer_FFT.sopcinfo
set_global_assignment -name QSYS_FILE Audio_Stream_Digitizer_FFT.qsys
set_global_assignment -name VERILOG_FILE Audio_Stream_Digitizer_Display_Scaler.v
set_global_assignment -name QIP_FILE AudioCodec_Clock_Generator.qip
set_global_assignment -name SIP_FILE AudioCodec_Clock_Generator.sip
set_global_assignment -name QIP_FILE LCD_Clock_Generator.qip
set_global_assignment -name SIP_FILE LCD_Clock_Generator.sip
set_global_assignment -name STRATIX_DEVICE_IO_STANDARD "2.5 V"
set_location_assignment PIN_K7 -to AUD_ADCDAT
set_instance_assignment -name IO_STANDARD "3.3-V LVTTL" -to AUD_ADCDAT
set_instance_assignment -name CURRENT_STRENGTH_NEW 8MA -to AUD_ADCDAT
set_location_assignment PIN_K8 -to AUD_ADCLRCK
set_instance_assignment -name IO_STANDARD "3.3-V LVTTL" -to AUD_ADCLRCK
set_instance_assignment -name CURRENT_STRENGTH_NEW 8MA -to AUD_ADCLRCK
set_location_assignment PIN_H7 -to AUD_BCLK
set_instance_assignment -name IO_STANDARD "3.3-V LVTTL" -to AUD_BCLK
set_instance_assignment -name CURRENT_STRENGTH_NEW 8MA -to AUD_BCLK
set_location_assignment PIN_J7 -to AUD_DACDAT
set_instance_assignment -name IO_STANDARD "3.3-V LVTTL" -to AUD_DACDAT
set_instance_assignment -name CURRENT_STRENGTH_NEW 8MA -to AUD_DACDAT
set_location_assignment PIN_H8 -to AUD_DACLRCK
set_instance_assignment -name IO_STANDARD "3.3-V LVTTL" -to AUD_DACLRCK
set_instance_assignment -name CURRENT_STRENGTH_NEW 8MA -to AUD_DACLRCK
set_location_assignment PIN_G7 -to AUD_XCK
set_instance_assignment -name IO_STANDARD "3.3-V LVTTL" -to AUD_XCK
set_instance_assignment -name CURRENT_STRENGTH_NEW 8MA -to AUD_XCK
set_location_assignment PIN_AF14 -to CLOCK_50
set_instance_assignment -name IO_STANDARD "3.3-V LVTTL" -to CLOCK_50
set_instance_assignment -name CURRENT_STRENGTH_NEW 8MA -to CLOCK_50
set_location_assignment PIN_J12 -to FPGA_I2C_SCLK
set_instance_assignment -name IO_STANDARD "3.3-V LVTTL" -to FPGA_I2C_SCLK
set_instance_assignment -name CURRENT_STRENGTH_NEW 8MA -to FPGA_I2C_SCLK
set_location_assignment PIN_K12 -to FPGA_I2C_SDAT
set_instance_assignment -name IO_STANDARD "3.3-V LVTTL" -to FPGA_I2C_SDAT
set_instance_assignment -name CURRENT_STRENGTH_NEW 8MA -to FPGA_I2C_SDAT
set_location_assignment PIN_AA14 -to KEY[0]
set_instance_assignment -name IO_STANDARD "3.3-V LVTTL" -to KEY[0]
set_instance_assignment -name CURRENT_STRENGTH_NEW 8MA -to KEY[0]
set_location_assignment PIN_AJ25 -to LCD_B0
set_instance_assignment -name IO_STANDARD "3.3-V LVTTL" -to LCD_B0
set_instance_assignment -name CURRENT_STRENGTH_NEW 8MA -to LCD_B0
set_location_assignment PIN_AJ24 -to LCD_B1
set_instance_assignment -name IO_STANDARD "3.3-V LVTTL" -to LCD_B1
set_instance_assignment -name CURRENT_STRENGTH_NEW 8MA -to LCD_B1
set_location_assignment PIN_AK24 -to LCD_B2
set_instance_assignment -name IO_STANDARD "3.3-V LVTTL" -to LCD_B2
set_instance_assignment -name CURRENT_STRENGTH_NEW 8MA -to LCD_B2
set_location_assignment PIN_AG23 -to LCD_B3
set_instance_assignment -name IO_STANDARD "3.3-V LVTTL" -to LCD_B3
set_instance_assignment -name CURRENT_STRENGTH_NEW 8MA -to LCD_B3
set_location_assignment PIN_AK23 -to LCD_B4
set_instance_assignment -name IO_STANDARD "3.3-V LVTTL" -to LCD_B4
set_instance_assignment -name CURRENT_STRENGTH_NEW 8MA -to LCD_B4
set_location_assignment PIN_AH23 -to LCD_B5
set_instance_assignment -name IO_STANDARD "3.3-V LVTTL" -to LCD_B5
set_instance_assignment -name CURRENT_STRENGTH_NEW 8MA -to LCD_B5
set_location_assignment PIN_AK22 -to LCD_B6
set_instance_assignment -name IO_STANDARD "3.3-V LVTTL" -to LCD_B6
set_instance_assignment -name CURRENT_STRENGTH_NEW 8MA -to LCD_B6
set_location_assignment PIN_AJ22 -to LCD_B7
set_instance_assignment -name IO_STANDARD "3.3-V LVTTL" -to LCD_B7
set_instance_assignment -name CURRENT_STRENGTH_NEW 8MA -to LCD_B7
set_location_assignment PIN_AH22 -to LCD_CK
set_instance_assignment -name IO_STANDARD "3.3-V LVTTL" -to LCD_CK
set_instance_assignment -name CURRENT_STRENGTH_NEW 8MA -to LCD_CK
set_location_assignment PIN_AG22 -to LCD_DISP
set_instance_assignment -name IO_STANDARD "3.3-V LVTTL" -to LCD_DISP
set_instance_assignment -name CURRENT_STRENGTH_NEW 8MA -to LCD_DISP
set_location_assignment PIN_AG26 -to LCD_G0
set_instance_assignment -name IO_STANDARD "3.3-V LVTTL" -to LCD_G0
set_instance_assignment -name CURRENT_STRENGTH_NEW 8MA -to LCD_G0
set_location_assignment PIN_AH24 -to LCD_G1
set_instance_assignment -name IO_STANDARD "3.3-V LVTTL" -to LCD_G1
set_instance_assignment -name CURRENT_STRENGTH_NEW 8MA -to LCD_G1
set_location_assignment PIN_AH27 -to LCD_G2
set_instance_assignment -name IO_STANDARD "3.3-V LVTTL" -to LCD_G2
set_instance_assignment -name CURRENT_STRENGTH_NEW 8MA -to LCD_G2
set_location_assignment PIN_AJ27 -to LCD_G3
set_instance_assignment -name IO_STANDARD "3.3-V LVTTL" -to LCD_G3
set_instance_assignment -name CURRENT_STRENGTH_NEW 8MA -to LCD_G3
set_location_assignment PIN_AK29 -to LCD_G4
set_instance_assignment -name IO_STANDARD "3.3-V LVTTL" -to LCD_G4
set_instance_assignment -name CURRENT_STRENGTH_NEW 8MA -to LCD_G4
set_location_assignment PIN_AK28 -to LCD_G5
set_instance_assignment -name IO_STANDARD "3.3-V LVTTL" -to LCD_G5
set_instance_assignment -name CURRENT_STRENGTH_NEW 8MA -to LCD_G5
set_location_assignment PIN_AJ26 -to LCD_G6
set_instance_assignment -name IO_STANDARD "3.3-V LVTTL" -to LCD_G6
set_instance_assignment -name CURRENT_STRENGTH_NEW 8MA -to LCD_G6
set_location_assignment PIN_AH25 -to LCD_G7
set_instance_assignment -name IO_STANDARD "3.3-V LVTTL" -to LCD_G7
set_instance_assignment -name CURRENT_STRENGTH_NEW 8MA -to LCD_G7
set_location_assignment PIN_AF24 -to LCD_HSYNC
set_instance_assignment -name IO_STANDARD "3.3-V LVTTL" -to LCD_HSYNC
set_instance_assignment -name CURRENT_STRENGTH_NEW 8MA -to LCD_HSYNC
set_location_assignment PIN_AA21 -to LCD_R0
set_instance_assignment -name IO_STANDARD "3.3-V LVTTL" -to LCD_R0
set_instance_assignment -name CURRENT_STRENGTH_NEW 8MA -to LCD_R0
set_location_assignment PIN_AC23 -to LCD_R1
set_instance_assignment -name IO_STANDARD "3.3-V LVTTL" -to LCD_R1
set_instance_assignment -name CURRENT_STRENGTH_NEW 8MA -to LCD_R1
set_location_assignment PIN_AD24 -to LCD_R2
set_instance_assignment -name IO_STANDARD "3.3-V LVTTL" -to LCD_R2
set_instance_assignment -name CURRENT_STRENGTH_NEW 8MA -to LCD_R2
set_location_assignment PIN_AE23 -to LCD_R3
set_instance_assignment -name IO_STANDARD "3.3-V LVTTL" -to LCD_R3
set_instance_assignment -name CURRENT_STRENGTH_NEW 8MA -to LCD_R3
set_location_assignment PIN_AE24 -to LCD_R4
set_instance_assignment -name IO_STANDARD "3.3-V LVTTL" -to LCD_R4
set_instance_assignment -name CURRENT_STRENGTH_NEW 8MA -to LCD_R4
set_location_assignment PIN_AF25 -to LCD_R5
set_instance_assignment -name IO_STANDARD "3.3-V LVTTL" -to LCD_R5
set_instance_assignment -name CURRENT_STRENGTH_NEW 8MA -to LCD_R5
set_location_assignment PIN_AF26 -to LCD_R6
set_instance_assignment -name IO_STANDARD "3.3-V LVTTL" -to LCD_R6
set_instance_assignment -name CURRENT_STRENGTH_NEW 8MA -to LCD_R6
set_location_assignment PIN_AG25 -to LCD_R7
set_instance_assignment -name IO_STANDARD "3.3-V LVTTL" -to LCD_R7
set_instance_assignment -name CURRENT_STRENGTH_NEW 8MA -to LCD_R7
set_location_assignment PIN_AF23 -to LCD_VSYNC
set_instance_assignment -name IO_STANDARD "3.3-V LVTTL" -to LCD_VSYNC
set_instance_assignment -name CURRENT_STRENGTH_NEW 8MA -to LCD_VSYNC
set_location_assignment PIN_Y21 -to LEDR[9]
set_instance_assignment -name IO_STANDARD "3.3-V LVTTL" -to LEDR[9]
set_instance_assignment -name CURRENT_STRENGTH_NEW 16MA -to LEDR[9]
set_location_assignment PIN_W21 -to LEDR[8]
set_instance_assignment -name IO_STANDARD "3.3-V LVTTL" -to LEDR[8]
set_instance_assignment -name CURRENT_STRENGTH_NEW 16MA -to LEDR[8]
set_location_assignment PIN_W20 -to LEDR[7]
set_instance_assignment -name IO_STANDARD "3.3-V LVTTL" -to LEDR[7]
set_instance_assignment -name CURRENT_STRENGTH_NEW 16MA -to LEDR[7]
set_location_assignment PIN_Y19 -to LEDR[6]
set_instance_assignment -name IO_STANDARD "3.3-V LVTTL" -to LEDR[6]
set_instance_assignment -name CURRENT_STRENGTH_NEW 16MA -to LEDR[6]
set_location_assignment PIN_W19 -to LEDR[5]
set_instance_assignment -name IO_STANDARD "3.3-V LVTTL" -to LEDR[5]
set_instance_assignment -name CURRENT_STRENGTH_NEW 16MA -to LEDR[5]
set_location_assignment PIN_W17 -to LEDR[4]
set_instance_assignment -name IO_STANDARD "3.3-V LVTTL" -to LEDR[4]
set_instance_assignment -name CURRENT_STRENGTH_NEW 16MA -to LEDR[4]
set_location_assignment PIN_V18 -to LEDR[3]
set_instance_assignment -name IO_STANDARD "3.3-V LVTTL" -to LEDR[3]
set_instance_assignment -name CURRENT_STRENGTH_NEW 16MA -to LEDR[3]
set_location_assignment PIN_V17 -to LEDR[2]
set_instance_assignment -name IO_STANDARD "3.3-V LVTTL" -to LEDR[2]
set_instance_assignment -name CURRENT_STRENGTH_NEW 16MA -to LEDR[2]
set_location_assignment PIN_W16 -to LEDR[1]
set_instance_assignment -name IO_STANDARD "3.3-V LVTTL" -to LEDR[1]
set_instance_assignment -name CURRENT_STRENGTH_NEW 16MA -to LEDR[1]
set_location_assignment PIN_V16 -to LEDR[0]
set_instance_assignment -name IO_STANDARD "3.3-V LVTTL" -to LEDR[0]
set_instance_assignment -name CURRENT_STRENGTH_NEW 16MA -to LEDR[0]
set_location_assignment PIN_AE12 -to SW[9]
set_instance_assignment -name IO_STANDARD "3.3-V LVTTL" -to SW[9]
set_instance_assignment -name CURRENT_STRENGTH_NEW 8MA -to SW[9]
set_location_assignment PIN_AD10 -to SW[8]
set_instance_assignment -name IO_STANDARD "3.3-V LVTTL" -to SW[8]
set_instance_assignment -name CURRENT_STRENGTH_NEW 8MA -to SW[8]
set_location_assignment PIN_AC9 -to SW[7]
set_instance_assignment -name IO_STANDARD "3.3-V LVTTL" -to SW[7]
set_instance_assignment -name CURRENT_STRENGTH_NEW 8MA -to SW[7]
set_location_assignment PIN_AE11 -to SW[6]
set_instance_assignment -name IO_STANDARD "3.3-V LVTTL" -to SW[6]
set_instance_assignment -name CURRENT_STRENGTH_NEW 8MA -to SW[6]
set_location_assignment PIN_AD12 -to SW[5]
set_instance_assignment -name IO_STANDARD "3.3-V LVTTL" -to SW[5]
set_instance_assignment -name CURRENT_STRENGTH_NEW 8MA -to SW[5]
set_location_assignment PIN_AD11 -to SW[4]
set_instance_assignment -name IO_STANDARD "3.3-V LVTTL" -to SW[4]
set_instance_assignment -name CURRENT_STRENGTH_NEW 8MA -to SW[4]
set_location_assignment PIN_AF10 -to SW[3]
set_instance_assignment -name IO_STANDARD "3.3-V LVTTL" -to SW[3]
set_instance_assignment -name CURRENT_STRENGTH_NEW 8MA -to SW[3]
set_location_assignment PIN_AF9 -to SW[2]
set_instance_assignment -name IO_STANDARD "3.3-V LVTTL" -to SW[2]
set_instance_assignment -name CURRENT_STRENGTH_NEW 8MA -to SW[2]
set_location_assignment PIN_AC12 -to SW[1]
set_instance_assignment -name IO_STANDARD "3.3-V LVTTL" -to SW[1]
set_instance_assignment -name CURRENT_STRENGTH_NEW 8MA -to SW[1]
set_location_assignment PIN_AB12 -to SW[0]
set_instance_assignment -name IO_STANDARD "3.3-V LVTTL" -to SW[0]
set_instance_assignment -name CURRENT_STRENGTH_NEW 8MA -to SW[0]
set_global_assignment -name CDF_FILE output_files/Chain2.cdf
set_global_assignment -name CDF_FILE output_files/Chain3.cdf
set_instance_assignment -name PARTITION_HIERARCHY root_partition -to | -section_id Top
>>>>>>> 5c0e9cfc3a367921175bd02b7a161392474dce77
set_global_assignment -name CDF_FILE output_files/Chain4.cdf